
Microsoft Visual Studio Solution File, Format Version 12.00
# Visual Studio Version 16
VisualStudioVersion = 16.0.31005.135
MinimumVisualStudioVersion = 10.0.40219.1
Project("{FAE04EC0-301F-11D3-BF4B-00C04F79EFBC}") = "BirthdayNotification", "BirthdayNotification\BirthdayNotification.csproj", "{06F1A7C5-E35F-41A5-A959-E2D9647B813B}"
EndProject
Global
	GlobalSection(SolutionConfigurationPlatforms) = preSolution
		Debug|Any CPU = Debug|Any CPU
		Release|Any CPU = Release|Any CPU
	EndGlobalSection
	GlobalSection(ProjectConfigurationPlatforms) = postSolution
		{06F1A7C5-E35F-41A5-A959-E2D9647B813B}.Debug|Any CPU.ActiveCfg = Debug|Any CPU
		{06F1A7C5-E35F-41A5-A959-E2D9647B813B}.Debug|Any CPU.Build.0 = Debug|Any CPU
		{06F1A7C5-E35F-41A5-A959-E2D9647B813B}.Release|Any CPU.ActiveCfg = Release|Any CPU
		{06F1A7C5-E35F-41A5-A959-E2D9647B813B}.Release|Any CPU.Build.0 = Release|Any CPU
	EndGlobalSection
	GlobalSection(SolutionProperties) = preSolution
		HideSolutionNode = FALSE
	EndGlobalSection
	GlobalSection(ExtensibilityGlobals) = postSolution
		SolutionGuid = {8DB768FE-6A47-4E33-94F2-90FFC3FCB1C0}
	EndGlobalSection
EndGlobal
